
Microsoft Visual Studio Solution File, Format Version 12.00
# Visual Studio Version 17
VisualStudioVersion = 17.8.34511.84
MinimumVisualStudioVersion = 10.0.40219.1
Project("{FAE04EC0-301F-11D3-BF4B-00C04F79EFBC}") = "GitTest", "GitTest\GitTest.csproj", "{90B503DC-D44E-4DF0-8AF1-73DBF771A733}"
EndProject
Global
	GlobalSection(SolutionConfigurationPlatforms) = preSolution
		Debug|Any CPU = Debug|Any CPU
		Release|Any CPU = Release|Any CPU
	EndGlobalSection
	GlobalSection(ProjectConfigurationPlatforms) = postSolution
		{90B503DC-D44E-4DF0-8AF1-73DBF771A733}.Debug|Any CPU.ActiveCfg = Debug|Any CPU
		{90B503DC-D44E-4DF0-8AF1-73DBF771A733}.Debug|Any CPU.Build.0 = Debug|Any CPU
		{90B503DC-D44E-4DF0-8AF1-73DBF771A733}.Release|Any CPU.ActiveCfg = Release|Any CPU
		{90B503DC-D44E-4DF0-8AF1-73DBF771A733}.Release|Any CPU.Build.0 = Release|Any CPU
	EndGlobalSection
	GlobalSection(SolutionProperties) = preSolution
		HideSolutionNode = FALSE
	EndGlobalSection
	GlobalSection(ExtensibilityGlobals) = postSolution
		SolutionGuid = {FF5978F5-0BE9-4951-9E1A-91FA14EB63E8}
	EndGlobalSection
EndGlobal
